
Microsoft Visual Studio Solution File, Format Version 12.00
# Visual Studio 2013
VisualStudioVersion = 12.0.21005.1
MinimumVisualStudioVersion = 10.0.40219.1
Project("{FAE04EC0-301F-11D3-BF4B-00C04F79EFBC}") = "BlankWebApi", "BlankWebApi\BlankWebApi.csproj", "{A3BE7009-2485-4581-9976-9F47C6BFD3D2}"
EndProject
Project("{FAE04EC0-301F-11D3-BF4B-00C04F79EFBC}") = "WebHost", "WebHost\WebHost.csproj", "{D5CBE8A6-EF24-4545-A108-D97B0DFC7AE3}"
EndProject
Project("{FAE04EC0-301F-11D3-BF4B-00C04F79EFBC}") = "SelfHost", "SelfHost\SelfHost.csproj", "{4CA76E94-BFF4-4546-AF45-DEEA9D525CF6}"
EndProject
Project("{FAE04EC0-301F-11D3-BF4B-00C04F79EFBC}") = "FormWeb", "FormWeb\FormWeb.csproj", "{C5335CFB-8E0D-4909-9DA7-156160D43A0F}"
EndProject
Project("{FAE04EC0-301F-11D3-BF4B-00C04F79EFBC}") = "NormalWeb", "NormalWeb\NormalWeb.csproj", "{58714815-80BF-489B-9279-BC5C898DEAC7}"
EndProject
Project("{FAE04EC0-301F-11D3-BF4B-00C04F79EFBC}") = "NormalApi", "NormalApi\NormalApi.csproj", "{B0BE751D-3D89-4B5A-9058-D840891202A0}"
EndProject
Global
	GlobalSection(SolutionConfigurationPlatforms) = preSolution
		Debug|Any CPU = Debug|Any CPU
		Release|Any CPU = Release|Any CPU
	EndGlobalSection
	GlobalSection(ProjectConfigurationPlatforms) = postSolution
		{A3BE7009-2485-4581-9976-9F47C6BFD3D2}.Debug|Any CPU.ActiveCfg = Debug|Any CPU
		{A3BE7009-2485-4581-9976-9F47C6BFD3D2}.Debug|Any CPU.Build.0 = Debug|Any CPU
		{A3BE7009-2485-4581-9976-9F47C6BFD3D2}.Release|Any CPU.ActiveCfg = Release|Any CPU
		{A3BE7009-2485-4581-9976-9F47C6BFD3D2}.Release|Any CPU.Build.0 = Release|Any CPU
		{D5CBE8A6-EF24-4545-A108-D97B0DFC7AE3}.Debug|Any CPU.ActiveCfg = Debug|Any CPU
		{D5CBE8A6-EF24-4545-A108-D97B0DFC7AE3}.Debug|Any CPU.Build.0 = Debug|Any CPU
		{D5CBE8A6-EF24-4545-A108-D97B0DFC7AE3}.Release|Any CPU.ActiveCfg = Release|Any CPU
		{D5CBE8A6-EF24-4545-A108-D97B0DFC7AE3}.Release|Any CPU.Build.0 = Release|Any CPU
		{4CA76E94-BFF4-4546-AF45-DEEA9D525CF6}.Debug|Any CPU.ActiveCfg = Debug|Any CPU
		{4CA76E94-BFF4-4546-AF45-DEEA9D525CF6}.Debug|Any CPU.Build.0 = Debug|Any CPU
		{4CA76E94-BFF4-4546-AF45-DEEA9D525CF6}.Release|Any CPU.ActiveCfg = Release|Any CPU
		{4CA76E94-BFF4-4546-AF45-DEEA9D525CF6}.Release|Any CPU.Build.0 = Release|Any CPU
		{C5335CFB-8E0D-4909-9DA7-156160D43A0F}.Debug|Any CPU.ActiveCfg = Debug|Any CPU
		{C5335CFB-8E0D-4909-9DA7-156160D43A0F}.Debug|Any CPU.Build.0 = Debug|Any CPU
		{C5335CFB-8E0D-4909-9DA7-156160D43A0F}.Release|Any CPU.ActiveCfg = Release|Any CPU
		{C5335CFB-8E0D-4909-9DA7-156160D43A0F}.Release|Any CPU.Build.0 = Release|Any CPU
		{58714815-80BF-489B-9279-BC5C898DEAC7}.Debug|Any CPU.ActiveCfg = Debug|Any CPU
		{58714815-80BF-489B-9279-BC5C898DEAC7}.Debug|Any CPU.Build.0 = Debug|Any CPU
		{58714815-80BF-489B-9279-BC5C898DEAC7}.Release|Any CPU.ActiveCfg = Release|Any CPU
		{58714815-80BF-489B-9279-BC5C898DEAC7}.Release|Any CPU.Build.0 = Release|Any CPU
		{B0BE751D-3D89-4B5A-9058-D840891202A0}.Debug|Any CPU.ActiveCfg = Debug|Any CPU
		{B0BE751D-3D89-4B5A-9058-D840891202A0}.Debug|Any CPU.Build.0 = Debug|Any CPU
		{B0BE751D-3D89-4B5A-9058-D840891202A0}.Release|Any CPU.ActiveCfg = Release|Any CPU
		{B0BE751D-3D89-4B5A-9058-D840891202A0}.Release|Any CPU.Build.0 = Release|Any CPU
	EndGlobalSection
	GlobalSection(SolutionProperties) = preSolution
		HideSolutionNode = FALSE
	EndGlobalSection
EndGlobal
